
Microsoft Visual Studio Solution File, Format Version 10.00
# Visual Basic Express 2008
Project("{F184B08F-C81C-45F6-A57F-5ABD9991F28F}") = "LainHelper", "LainHelper\LainHelper.vbproj", "{F80BB4A2-D3B9-496F-8135-8994E16E27BE}"
EndProject
Global
	GlobalSection(SolutionConfigurationPlatforms) = preSolution
		Debug|Any CPU = Debug|Any CPU
		Release|Any CPU = Release|Any CPU
	EndGlobalSection
	GlobalSection(ProjectConfigurationPlatforms) = postSolution
		{F80BB4A2-D3B9-496F-8135-8994E16E27BE}.Debug|Any CPU.ActiveCfg = Debug|Any CPU
		{F80BB4A2-D3B9-496F-8135-8994E16E27BE}.Debug|Any CPU.Build.0 = Debug|Any CPU
		{F80BB4A2-D3B9-496F-8135-8994E16E27BE}.Release|Any CPU.ActiveCfg = Release|Any CPU
		{F80BB4A2-D3B9-496F-8135-8994E16E27BE}.Release|Any CPU.Build.0 = Release|Any CPU
	EndGlobalSection
	GlobalSection(SolutionProperties) = preSolution
		HideSolutionNode = FALSE
	EndGlobalSection
EndGlobal
